# Generated by mvl. Do not edit manually.
# Commit this file to source control for reproducible builds.

[[package]]
name = "github.com/mvl-lang/pkg-http"
version = "0.5.0"
hash = "sha256:c834daea25b5fcb8a684ef382672d76c15801b64dcd1f6f5c7509f69c039e2ee"
commit = "fe0556b40e5cd0b11eee6e890691756816e8ba19"
git = "https://github.com/mvl-lang/pkg-http"
last-checked = 1782156252

[[package]]
name = "github.com/mvl-lang/pkg-tls"
version = "0.2.1"
hash = "sha256:0863acab30e79f91ef46bb0712665fb12ae6361f39c8ab42f5a514721dba765d"
commit = "bb69bfc04d42a5c2c2c8b3fb92185f57e1dc6097"
git = "https://github.com/mvl-lang/pkg-tls"
last-checked = 1782156252
