# Generated by mvl. Do not edit manually.
# Commit this file to source control for reproducible builds.

[[package]]
name = "github.com/mvl-lang/pkg-http"
version = "0.2.3"
hash = "sha256:f1605b1c88fedadaf9fb681c86326dce6ac2fe7a58d8c01fb0cd7b155302cd82"
commit = "c3dd21618efb514caae9b76d9fa1a910afb077ae"
git = "https://github.com/mvl-lang/pkg-http"

[[package]]
name = "github.com/mvl-lang/pkg-tls"
version = "0.2.0"
hash = "sha256:bb003638cf4531051b06ee0efd7f6acdb045ec4c5f5880a6c012a7bfe1c4a262"
commit = "adf077db8908ecba39d24bf3e6ca940b02016883"
git = "https://github.com/mvl-lang/pkg-tls"
